
Microsoft Visual Studio Solution File, Format Version 12.00
# Visual Studio 2012
Project("{FAE04EC0-301F-11D3-BF4B-00C04F79EFBC}") = "StrawMan.iOS", "iOS\StrawMan.iOS.csproj", "{B3561984-5DC9-4E88-874F-D52636DB82CB}"
EndProject
Project("{FAE04EC0-301F-11D3-BF4B-00C04F79EFBC}") = "StrawMan.Droid", "Droid\StrawMan.Droid.csproj", "{D66F100F-7A07-4401-A88D-58C40F7FFC12}"
EndProject
Project("{2150E333-8FDC-42A3-9474-1A3956D46DE8}") = "Solution Items", "Solution Items", "{1703BCD8-F599-4CCD-BF5F-1EDAD29ABFA4}"
EndProject
Project("{FAE04EC0-301F-11D3-BF4B-00C04F79EFBC}") = "StrawMan", "StrawMan\StrawMan.csproj", "{93D506B8-3D48-40CB-AA2A-D012D4B9CFD7}"
EndProject
Global
	GlobalSection(SolutionConfigurationPlatforms) = preSolution
		Debug|iPhoneSimulator = Debug|iPhoneSimulator
		Release|iPhone = Release|iPhone
		Release|iPhoneSimulator = Release|iPhoneSimulator
		Debug|iPhone = Debug|iPhone
		Debug|Any CPU = Debug|Any CPU
		Release|Any CPU = Release|Any CPU
		Mock|Any CPU = Mock|Any CPU
	EndGlobalSection
	GlobalSection(ProjectConfigurationPlatforms) = postSolution
		{B3561984-5DC9-4E88-874F-D52636DB82CB}.Debug|iPhoneSimulator.ActiveCfg = Debug|iPhoneSimulator
		{B3561984-5DC9-4E88-874F-D52636DB82CB}.Debug|iPhoneSimulator.Build.0 = Debug|iPhoneSimulator
		{B3561984-5DC9-4E88-874F-D52636DB82CB}.Release|iPhone.ActiveCfg = Release|iPhone
		{B3561984-5DC9-4E88-874F-D52636DB82CB}.Release|iPhone.Build.0 = Release|iPhone
		{B3561984-5DC9-4E88-874F-D52636DB82CB}.Release|iPhoneSimulator.ActiveCfg = Release|iPhoneSimulator
		{B3561984-5DC9-4E88-874F-D52636DB82CB}.Release|iPhoneSimulator.Build.0 = Release|iPhoneSimulator
		{B3561984-5DC9-4E88-874F-D52636DB82CB}.Debug|iPhone.ActiveCfg = Debug|iPhone
		{B3561984-5DC9-4E88-874F-D52636DB82CB}.Debug|iPhone.Build.0 = Debug|iPhone
		{B3561984-5DC9-4E88-874F-D52636DB82CB}.Debug|Any CPU.ActiveCfg = Debug|iPhoneSimulator
		{B3561984-5DC9-4E88-874F-D52636DB82CB}.Debug|Any CPU.Build.0 = Debug|iPhoneSimulator
		{B3561984-5DC9-4E88-874F-D52636DB82CB}.Release|Any CPU.ActiveCfg = Release|iPhone
		{B3561984-5DC9-4E88-874F-D52636DB82CB}.Release|Any CPU.Build.0 = Release|iPhone
		{B3561984-5DC9-4E88-874F-D52636DB82CB}.Mock|Any CPU.ActiveCfg = Mock|Any CPU
		{B3561984-5DC9-4E88-874F-D52636DB82CB}.Mock|Any CPU.Build.0 = Mock|Any CPU
		{D66F100F-7A07-4401-A88D-58C40F7FFC12}.Debug|iPhoneSimulator.ActiveCfg = Debug|Any CPU
		{D66F100F-7A07-4401-A88D-58C40F7FFC12}.Debug|iPhoneSimulator.Build.0 = Debug|Any CPU
		{D66F100F-7A07-4401-A88D-58C40F7FFC12}.Release|iPhone.ActiveCfg = Release|Any CPU
		{D66F100F-7A07-4401-A88D-58C40F7FFC12}.Release|iPhone.Build.0 = Release|Any CPU
		{D66F100F-7A07-4401-A88D-58C40F7FFC12}.Release|iPhoneSimulator.ActiveCfg = Release|Any CPU
		{D66F100F-7A07-4401-A88D-58C40F7FFC12}.Release|iPhoneSimulator.Build.0 = Release|Any CPU
		{D66F100F-7A07-4401-A88D-58C40F7FFC12}.Debug|iPhone.ActiveCfg = Debug|Any CPU
		{D66F100F-7A07-4401-A88D-58C40F7FFC12}.Debug|iPhone.Build.0 = Debug|Any CPU
		{D66F100F-7A07-4401-A88D-58C40F7FFC12}.Debug|Any CPU.ActiveCfg = Debug|Any CPU
		{D66F100F-7A07-4401-A88D-58C40F7FFC12}.Debug|Any CPU.Build.0 = Debug|Any CPU
		{D66F100F-7A07-4401-A88D-58C40F7FFC12}.Release|Any CPU.ActiveCfg = Release|Any CPU
		{D66F100F-7A07-4401-A88D-58C40F7FFC12}.Release|Any CPU.Build.0 = Release|Any CPU
		{D66F100F-7A07-4401-A88D-58C40F7FFC12}.Mock|Any CPU.ActiveCfg = Debug|Any CPU
		{D66F100F-7A07-4401-A88D-58C40F7FFC12}.Mock|Any CPU.Build.0 = Debug|Any CPU
		{93D506B8-3D48-40CB-AA2A-D012D4B9CFD7}.Debug|iPhoneSimulator.ActiveCfg = Debug|Any CPU
		{93D506B8-3D48-40CB-AA2A-D012D4B9CFD7}.Debug|iPhoneSimulator.Build.0 = Debug|Any CPU
		{93D506B8-3D48-40CB-AA2A-D012D4B9CFD7}.Release|iPhone.ActiveCfg = Release|Any CPU
		{93D506B8-3D48-40CB-AA2A-D012D4B9CFD7}.Release|iPhone.Build.0 = Release|Any CPU
		{93D506B8-3D48-40CB-AA2A-D012D4B9CFD7}.Release|iPhoneSimulator.ActiveCfg = Release|Any CPU
		{93D506B8-3D48-40CB-AA2A-D012D4B9CFD7}.Release|iPhoneSimulator.Build.0 = Release|Any CPU
		{93D506B8-3D48-40CB-AA2A-D012D4B9CFD7}.Debug|iPhone.ActiveCfg = Debug|Any CPU
		{93D506B8-3D48-40CB-AA2A-D012D4B9CFD7}.Debug|iPhone.Build.0 = Debug|Any CPU
		{93D506B8-3D48-40CB-AA2A-D012D4B9CFD7}.Debug|Any CPU.ActiveCfg = Debug|Any CPU
		{93D506B8-3D48-40CB-AA2A-D012D4B9CFD7}.Debug|Any CPU.Build.0 = Debug|Any CPU
		{93D506B8-3D48-40CB-AA2A-D012D4B9CFD7}.Release|Any CPU.ActiveCfg = Release|Any CPU
		{93D506B8-3D48-40CB-AA2A-D012D4B9CFD7}.Release|Any CPU.Build.0 = Release|Any CPU
		{93D506B8-3D48-40CB-AA2A-D012D4B9CFD7}.Mock|Any CPU.ActiveCfg = Mock|Any CPU
		{93D506B8-3D48-40CB-AA2A-D012D4B9CFD7}.Mock|Any CPU.Build.0 = Mock|Any CPU
	EndGlobalSection
EndGlobal
